// !$*UTF8*$!
{
	archiveVersion = 1;
	classes = {
	};
	objectVersion = 50;
	objects = {

/* Begin PBXBuildFile section */
		968CAB6824E9FDFC00D2BDC6 /* ECS.cpp in Sources */ = {isa = PBXBuildFile; fileRef = 968CAB6724E9FDFC00D2BDC6 /* ECS.cpp */; };
		96A735DB24C804C600F0E181 /* main.cpp in Sources */ = {isa = PBXBuildFile; fileRef = 96A735DA24C804C600F0E181 /* main.cpp */; };
		96A735E824C805E000F0E181 /* Game.cpp in Sources */ = {isa = PBXBuildFile; fileRef = 96A735E624C805E000F0E181 /* Game.cpp */; };
		96DD04BD24E0EB4D00E55C41 /* TextureManager.cpp in Sources */ = {isa = PBXBuildFile; fileRef = 96DD04BC24E0EB4D00E55C41 /* TextureManager.cpp */; };
		96DD04C024E0F2F900E55C41 /* GameObject.cpp in Sources */ = {isa = PBXBuildFile; fileRef = 96DD04BF24E0F2F900E55C41 /* GameObject.cpp */; };
		96DD04C424E11E9500E55C41 /* Map.cpp in Sources */ = {isa = PBXBuildFile; fileRef = 96DD04C324E11E9500E55C41 /* Map.cpp */; };
		96FF624124E24A8500AB516A /* Vector2D.cpp in Sources */ = {isa = PBXBuildFile; fileRef = 96FF624024E24A8500AB516A /* Vector2D.cpp */; };
		96FF624624E25B6900AB516A /* Collision.cpp in Sources */ = {isa = PBXBuildFile; fileRef = 96FF624524E25B6900AB516A /* Collision.cpp */; };
/* End PBXBuildFile section */

/* Begin PBXCopyFilesBuildPhase section */
		96A735D524C804C600F0E181 /* CopyFiles */ = {
			isa = PBXCopyFilesBuildPhase;
			buildActionMask = 12;
			dstPath = /usr/share/man/man1;
			dstSubfolderSpec = 0;
			files = (
			);
			runOnlyForDeploymentPostprocessing = 0;
		};
/* End PBXCopyFilesBuildPhase section */

/* Begin PBXFileReference section */
		9628D03C24D135E300D5A975 /* player.png */ = {isa = PBXFileReference; lastKnownFileType = image.png; path = player.png; sourceTree = "<group>"; };
		968CAB6224E9F55300D2BDC6 /* dirt.png */ = {isa = PBXFileReference; lastKnownFileType = image.png; path = dirt.png; sourceTree = "<group>"; };
		968CAB6424E9F55300D2BDC6 /* grass.png */ = {isa = PBXFileReference; lastKnownFileType = image.png; path = grass.png; sourceTree = "<group>"; };
		968CAB6524E9F55300D2BDC6 /* water.png */ = {isa = PBXFileReference; lastKnownFileType = image.png; path = water.png; sourceTree = "<group>"; };
		968CAB6624E9F59800D2BDC6 /* p16x16.map */ = {isa = PBXFileReference; fileEncoding = 4; lastKnownFileType = "sourcecode.module-map"; path = p16x16.map; sourceTree = "<group>"; };
		968CAB6724E9FDFC00D2BDC6 /* ECS.cpp */ = {isa = PBXFileReference; lastKnownFileType = sourcecode.cpp.cpp; path = ECS.cpp; sourceTree = "<group>"; };
		968CAB6924EA034800D2BDC6 /* player_idle.png */ = {isa = PBXFileReference; lastKnownFileType = image.png; path = player_idle.png; sourceTree = "<group>"; };
		96A735D724C804C600F0E181 /* 2d_game_engine */ = {isa = PBXFileReference; explicitFileType = "compiled.mach-o.executable"; includeInIndex = 0; path = 2d_game_engine; sourceTree = BUILT_PRODUCTS_DIR; };
		96A735DA24C804C600F0E181 /* main.cpp */ = {isa = PBXFileReference; lastKnownFileType = sourcecode.cpp.cpp; path = main.cpp; sourceTree = "<group>"; };
		96A735E624C805E000F0E181 /* Game.cpp */ = {isa = PBXFileReference; lastKnownFileType = sourcecode.cpp.cpp; path = Game.cpp; sourceTree = "<group>"; };
		96A735E724C805E000F0E181 /* Game.hpp */ = {isa = PBXFileReference; lastKnownFileType = sourcecode.cpp.h; path = Game.hpp; sourceTree = "<group>"; };
		96A735E924C80E3900F0E181 /* 2d_game_engine.entitlements */ = {isa = PBXFileReference; lastKnownFileType = text.plist.entitlements; path = 2d_game_engine.entitlements; sourceTree = "<group>"; };
		96DD04BB24E0EA5400E55C41 /* TextureManager.h */ = {isa = PBXFileReference; lastKnownFileType = sourcecode.c.h; path = TextureManager.h; sourceTree = "<group>"; };
		96DD04BC24E0EB4D00E55C41 /* TextureManager.cpp */ = {isa = PBXFileReference; lastKnownFileType = sourcecode.cpp.cpp; path = TextureManager.cpp; sourceTree = "<group>"; };
		96DD04BE24E0F22300E55C41 /* GameObject.h */ = {isa = PBXFileReference; lastKnownFileType = sourcecode.c.h; path = GameObject.h; sourceTree = "<group>"; };
		96DD04BF24E0F2F900E55C41 /* GameObject.cpp */ = {isa = PBXFileReference; lastKnownFileType = sourcecode.cpp.cpp; path = GameObject.cpp; sourceTree = "<group>"; };
		96DD04C124E1177800E55C41 /* enemy.png */ = {isa = PBXFileReference; lastKnownFileType = image.png; path = enemy.png; sourceTree = "<group>"; };
		96DD04C224E1197300E55C41 /* Map.h */ = {isa = PBXFileReference; lastKnownFileType = sourcecode.c.h; path = Map.h; sourceTree = "<group>"; };
		96DD04C324E11E9500E55C41 /* Map.cpp */ = {isa = PBXFileReference; lastKnownFileType = sourcecode.cpp.cpp; path = Map.cpp; sourceTree = "<group>"; };
		96FF623A24E2423E00AB516A /* SpriteComponent.h */ = {isa = PBXFileReference; fileEncoding = 4; lastKnownFileType = sourcecode.c.h; path = SpriteComponent.h; sourceTree = "<group>"; };
		96FF623B24E2423E00AB516A /* ECS.h */ = {isa = PBXFileReference; fileEncoding = 4; lastKnownFileType = sourcecode.c.h; path = ECS.h; sourceTree = "<group>"; };
		96FF623C24E2423E00AB516A /* Components.h */ = {isa = PBXFileReference; fileEncoding = 4; lastKnownFileType = sourcecode.c.h; path = Components.h; sourceTree = "<group>"; };
		96FF623E24E2487B00AB516A /* TransformComponent.h */ = {isa = PBXFileReference; fileEncoding = 4; lastKnownFileType = sourcecode.c.h; path = TransformComponent.h; sourceTree = "<group>"; };
		96FF623F24E2494A00AB516A /* Vector2D.h */ = {isa = PBXFileReference; lastKnownFileType = sourcecode.c.h; path = Vector2D.h; sourceTree = "<group>"; };
		96FF624024E24A8500AB516A /* Vector2D.cpp */ = {isa = PBXFileReference; lastKnownFileType = sourcecode.cpp.cpp; path = Vector2D.cpp; sourceTree = "<group>"; };
		96FF624224E24FEF00AB516A /* KeyboardController.h */ = {isa = PBXFileReference; lastKnownFileType = sourcecode.c.h; path = KeyboardController.h; sourceTree = "<group>"; };
		96FF624324E255D000AB516A /* ColliderComponent.h */ = {isa = PBXFileReference; lastKnownFileType = sourcecode.c.h; path = ColliderComponent.h; sourceTree = "<group>"; };
		96FF624424E25B0F00AB516A /* Collision.h */ = {isa = PBXFileReference; lastKnownFileType = sourcecode.c.h; path = Collision.h; sourceTree = "<group>"; };
		96FF624524E25B6900AB516A /* Collision.cpp */ = {isa = PBXFileReference; lastKnownFileType = sourcecode.cpp.cpp; path = Collision.cpp; sourceTree = "<group>"; };
		96FF624824E2651C00AB516A /* TileComponent.h */ = {isa = PBXFileReference; lastKnownFileType = sourcecode.c.h; path = TileComponent.h; sourceTree = "<group>"; };
/* End PBXFileReference section */

/* Begin PBXFrameworksBuildPhase section */
		96A735D424C804C600F0E181 /* Frameworks */ = {
			isa = PBXFrameworksBuildPhase;
			buildActionMask = 2147483647;
			files = (
			);
			runOnlyForDeploymentPostprocessing = 0;
		};
/* End PBXFrameworksBuildPhase section */

/* Begin PBXGroup section */
		9628D03824D1330900D5A975 /* src */ = {
			isa = PBXGroup;
			children = (
				96FF623924E2423E00AB516A /* ECS */,
				96A735DA24C804C600F0E181 /* main.cpp */,
				96A735E624C805E000F0E181 /* Game.cpp */,
				96A735E724C805E000F0E181 /* Game.hpp */,
				96DD04BB24E0EA5400E55C41 /* TextureManager.h */,
				96DD04BC24E0EB4D00E55C41 /* TextureManager.cpp */,
				96DD04BE24E0F22300E55C41 /* GameObject.h */,
				96DD04BF24E0F2F900E55C41 /* GameObject.cpp */,
				96DD04C224E1197300E55C41 /* Map.h */,
				96DD04C324E11E9500E55C41 /* Map.cpp */,
				96FF623F24E2494A00AB516A /* Vector2D.h */,
				96FF624024E24A8500AB516A /* Vector2D.cpp */,
				96FF624424E25B0F00AB516A /* Collision.h */,
				96FF624524E25B6900AB516A /* Collision.cpp */,
			);
			path = src;
			sourceTree = "<group>";
		};
		9628D03924D1332300D5A975 /* assets */ = {
			isa = PBXGroup;
			children = (
				968CAB6124E9F55300D2BDC6 /* tiles */,
				96DD04C124E1177800E55C41 /* enemy.png */,
				9628D03C24D135E300D5A975 /* player.png */,
				968CAB6924EA034800D2BDC6 /* player_idle.png */,
			);
			path = assets;
			sourceTree = "<group>";
		};
		968CAB6124E9F55300D2BDC6 /* tiles */ = {
			isa = PBXGroup;
			children = (
				968CAB6224E9F55300D2BDC6 /* dirt.png */,
				968CAB6624E9F59800D2BDC6 /* p16x16.map */,
				968CAB6424E9F55300D2BDC6 /* grass.png */,
				968CAB6524E9F55300D2BDC6 /* water.png */,
			);
			path = tiles;
			sourceTree = "<group>";
		};
		96A735CE24C804C600F0E181 = {
			isa = PBXGroup;
			children = (
				96A735D924C804C600F0E181 /* 2d_game_engine */,
				96A735D824C804C600F0E181 /* Products */,
			);
			sourceTree = "<group>";
		};
		96A735D824C804C600F0E181 /* Products */ = {
			isa = PBXGroup;
			children = (
				96A735D724C804C600F0E181 /* 2d_game_engine */,
			);
			name = Products;
			sourceTree = "<group>";
		};
		96A735D924C804C600F0E181 /* 2d_game_engine */ = {
			isa = PBXGroup;
			children = (
				9628D03924D1332300D5A975 /* assets */,
				9628D03824D1330900D5A975 /* src */,
				96A735E924C80E3900F0E181 /* 2d_game_engine.entitlements */,
			);
			path = 2d_game_engine;
			sourceTree = "<group>";
		};
		96FF623924E2423E00AB516A /* ECS */ = {
			isa = PBXGroup;
			children = (
				96FF624324E255D000AB516A /* ColliderComponent.h */,
				96FF623C24E2423E00AB516A /* Components.h */,
				96FF623B24E2423E00AB516A /* ECS.h */,
				968CAB6724E9FDFC00D2BDC6 /* ECS.cpp */,
				96FF624224E24FEF00AB516A /* KeyboardController.h */,
				96FF623A24E2423E00AB516A /* SpriteComponent.h */,
				96FF623E24E2487B00AB516A /* TransformComponent.h */,
				96FF624824E2651C00AB516A /* TileComponent.h */,
			);
			path = ECS;
			sourceTree = "<group>";
		};
/* End PBXGroup section */

/* Begin PBXNativeTarget section */
		96A735D624C804C600F0E181 /* 2d_game_engine */ = {
			isa = PBXNativeTarget;
			buildConfigurationList = 96A735DE24C804C600F0E181 /* Build configuration list for PBXNativeTarget "2d_game_engine" */;
			buildPhases = (
				96A735D324C804C600F0E181 /* Sources */,
				96A735D424C804C600F0E181 /* Frameworks */,
				96A735D524C804C600F0E181 /* CopyFiles */,
			);
			buildRules = (
			);
			dependencies = (
			);
			name = 2d_game_engine;
			productName = 2d_game_engine;
			productReference = 96A735D724C804C600F0E181 /* 2d_game_engine */;
			productType = "com.apple.product-type.tool";
		};
/* End PBXNativeTarget section */

/* Begin PBXProject section */
		96A735CF24C804C600F0E181 /* Project object */ = {
			isa = PBXProject;
			attributes = {
				LastUpgradeCheck = 1160;
				ORGANIZATIONNAME = MCCORDINATOR;
				TargetAttributes = {
					96A735D624C804C600F0E181 = {
						CreatedOnToolsVersion = 11.6;
					};
				};
			};
			buildConfigurationList = 96A735D224C804C600F0E181 /* Build configuration list for PBXProject "2d_game_engine" */;
			compatibilityVersion = "Xcode 9.3";
			developmentRegion = en;
			hasScannedForEncodings = 0;
			knownRegions = (
				en,
				Base,
			);
			mainGroup = 96A735CE24C804C600F0E181;
			productRefGroup = 96A735D824C804C600F0E181 /* Products */;
			projectDirPath = "";
			projectRoot = "";
			targets = (
				96A735D624C804C600F0E181 /* 2d_game_engine */,
			);
		};
/* End PBXProject section */

/* Begin PBXSourcesBuildPhase section */
		96A735D324C804C600F0E181 /* Sources */ = {
			isa = PBXSourcesBuildPhase;
			buildActionMask = 2147483647;
			files = (
				96FF624624E25B6900AB516A /* Collision.cpp in Sources */,
				96DD04C024E0F2F900E55C41 /* GameObject.cpp in Sources */,
				96DD04C424E11E9500E55C41 /* Map.cpp in Sources */,
				968CAB6824E9FDFC00D2BDC6 /* ECS.cpp in Sources */,
				96FF624124E24A8500AB516A /* Vector2D.cpp in Sources */,
				96A735DB24C804C600F0E181 /* main.cpp in Sources */,
				96A735E824C805E000F0E181 /* Game.cpp in Sources */,
				96DD04BD24E0EB4D00E55C41 /* TextureManager.cpp in Sources */,
			);
			runOnlyForDeploymentPostprocessing = 0;
		};
/* End PBXSourcesBuildPhase section */

/* Begin XCBuildConfiguration section */
		96A735DC24C804C600F0E181 /* Debug */ = {
			isa = XCBuildConfiguration;
			buildSettings = {
				ALWAYS_SEARCH_USER_PATHS = NO;
				CLANG_ANALYZER_NONNULL = YES;
				CLANG_ANALYZER_NUMBER_OBJECT_CONVERSION = YES_AGGRESSIVE;
				CLANG_CXX_LANGUAGE_STANDARD = "gnu++14";
				CLANG_CXX_LIBRARY = "libc++";
				CLANG_ENABLE_MODULES = YES;
				CLANG_ENABLE_OBJC_ARC = YES;
				CLANG_ENABLE_OBJC_WEAK = YES;
				CLANG_WARN_BLOCK_CAPTURE_AUTORELEASING = YES;
				CLANG_WARN_BOOL_CONVERSION = YES;
				CLANG_WARN_COMMA = YES;
				CLANG_WARN_CONSTANT_CONVERSION = YES;
				CLANG_WARN_DEPRECATED_OBJC_IMPLEMENTATIONS = YES;
				CLANG_WARN_DIRECT_OBJC_ISA_USAGE = YES_ERROR;
				CLANG_WARN_DOCUMENTATION_COMMENTS = YES;
				CLANG_WARN_EMPTY_BODY = YES;
				CLANG_WARN_ENUM_CONVERSION = YES;
				CLANG_WARN_INFINITE_RECURSION = YES;
				CLANG_WARN_INT_CONVERSION = YES;
				CLANG_WARN_NON_LITERAL_NULL_CONVERSION = YES;
				CLANG_WARN_OBJC_IMPLICIT_RETAIN_SELF = YES;
				CLANG_WARN_OBJC_LITERAL_CONVERSION = YES;
				CLANG_WARN_OBJC_ROOT_CLASS = YES_ERROR;
				CLANG_WARN_RANGE_LOOP_ANALYSIS = YES;
				CLANG_WARN_STRICT_PROTOTYPES = YES;
				CLANG_WARN_SUSPICIOUS_MOVE = YES;
				CLANG_WARN_UNGUARDED_AVAILABILITY = YES_AGGRESSIVE;
				CLANG_WARN_UNREACHABLE_CODE = YES;
				CLANG_WARN__DUPLICATE_METHOD_MATCH = YES;
				COPY_PHASE_STRIP = NO;
				DEBUG_INFORMATION_FORMAT = dwarf;
				ENABLE_STRICT_OBJC_MSGSEND = YES;
				ENABLE_TESTABILITY = YES;
				GCC_C_LANGUAGE_STANDARD = gnu11;
				GCC_DYNAMIC_NO_PIC = NO;
				GCC_NO_COMMON_BLOCKS = YES;
				GCC_OPTIMIZATION_LEVEL = 0;
				GCC_PREPROCESSOR_DEFINITIONS = (
					"DEBUG=1",
					"$(inherited)",
				);
				GCC_WARN_64_TO_32_BIT_CONVERSION = YES;
				GCC_WARN_ABOUT_RETURN_TYPE = YES_ERROR;
				GCC_WARN_UNDECLARED_SELECTOR = YES;
				GCC_WARN_UNINITIALIZED_AUTOS = YES_AGGRESSIVE;
				GCC_WARN_UNUSED_FUNCTION = YES;
				GCC_WARN_UNUSED_VARIABLE = YES;
				MACOSX_DEPLOYMENT_TARGET = 10.15;
				MTL_ENABLE_DEBUG_INFO = INCLUDE_SOURCE;
				MTL_FAST_MATH = YES;
				ONLY_ACTIVE_ARCH = YES;
				SDKROOT = macosx;
			};
			name = Debug;
		};
		96A735DD24C804C600F0E181 /* Release */ = {
			isa = XCBuildConfiguration;
			buildSettings = {
				ALWAYS_SEARCH_USER_PATHS = NO;
				CLANG_ANALYZER_NONNULL = YES;
				CLANG_ANALYZER_NUMBER_OBJECT_CONVERSION = YES_AGGRESSIVE;
				CLANG_CXX_LANGUAGE_STANDARD = "gnu++14";
				CLANG_CXX_LIBRARY = "libc++";
				CLANG_ENABLE_MODULES = YES;
				CLANG_ENABLE_OBJC_ARC = YES;
				CLANG_ENABLE_OBJC_WEAK = YES;
				CLANG_WARN_BLOCK_CAPTURE_AUTORELEASING = YES;
				CLANG_WARN_BOOL_CONVERSION = YES;
				CLANG_WARN_COMMA = YES;
				CLANG_WARN_CONSTANT_CONVERSION = YES;
				CLANG_WARN_DEPRECATED_OBJC_IMPLEMENTATIONS = YES;
				CLANG_WARN_DIRECT_OBJC_ISA_USAGE = YES_ERROR;
				CLANG_WARN_DOCUMENTATION_COMMENTS = YES;
				CLANG_WARN_EMPTY_BODY = YES;
				CLANG_WARN_ENUM_CONVERSION = YES;
				CLANG_WARN_INFINITE_RECURSION = YES;
				CLANG_WARN_INT_CONVERSION = YES;
				CLANG_WARN_NON_LITERAL_NULL_CONVERSION = YES;
				CLANG_WARN_OBJC_IMPLICIT_RETAIN_SELF = YES;
				CLANG_WARN_OBJC_LITERAL_CONVERSION = YES;
				CLANG_WARN_OBJC_ROOT_CLASS = YES_ERROR;
				CLANG_WARN_RANGE_LOOP_ANALYSIS = YES;
				CLANG_WARN_STRICT_PROTOTYPES = YES;
				CLANG_WARN_SUSPICIOUS_MOVE = YES;
				CLANG_WARN_UNGUARDED_AVAILABILITY = YES_AGGRESSIVE;
				CLANG_WARN_UNREACHABLE_CODE = YES;
				CLANG_WARN__DUPLICATE_METHOD_MATCH = YES;
				COPY_PHASE_STRIP = NO;
				DEBUG_INFORMATION_FORMAT = "dwarf-with-dsym";
				ENABLE_NS_ASSERTIONS = NO;
				ENABLE_STRICT_OBJC_MSGSEND = YES;
				GCC_C_LANGUAGE_STANDARD = gnu11;
				GCC_NO_COMMON_BLOCKS = YES;
				GCC_WARN_64_TO_32_BIT_CONVERSION = YES;
				GCC_WARN_ABOUT_RETURN_TYPE = YES_ERROR;
				GCC_WARN_UNDECLARED_SELECTOR = YES;
				GCC_WARN_UNINITIALIZED_AUTOS = YES_AGGRESSIVE;
				GCC_WARN_UNUSED_FUNCTION = YES;
				GCC_WARN_UNUSED_VARIABLE = YES;
				MACOSX_DEPLOYMENT_TARGET = 10.15;
				MTL_ENABLE_DEBUG_INFO = NO;
				MTL_FAST_MATH = YES;
				SDKROOT = macosx;
			};
			name = Release;
		};
		96A735DF24C804C600F0E181 /* Debug */ = {
			isa = XCBuildConfiguration;
			buildSettings = {
				CODE_SIGN_ENTITLEMENTS = 2d_game_engine/2d_game_engine.entitlements;
				CODE_SIGN_IDENTITY = "-";
				CODE_SIGN_STYLE = Automatic;
				DEVELOPMENT_TEAM = AD9PJXAR26;
				ENABLE_HARDENED_RUNTIME = YES;
				FRAMEWORK_SEARCH_PATHS = (
					"$(inherited)",
					"$(LOCAL_LIBRARY_DIR)/Frameworks",
					"$(PROJECT_DIR)",
				);
				HEADER_SEARCH_PATHS = /usr/local/include/SDL2;
				LIBRARY_SEARCH_PATHS = /usr/local/lib;
				OTHER_LDFLAGS = (
					"-lSDL2_image",
					"-lSDL2",
				);
				PRODUCT_BUNDLE_IDENTIFIER = cool.mccordinator;
				PRODUCT_NAME = "$(TARGET_NAME)";
				PROVISIONING_PROFILE_SPECIFIER = "";
			};
			name = Debug;
		};
		96A735E024C804C600F0E181 /* Release */ = {
			isa = XCBuildConfiguration;
			buildSettings = {
				CODE_SIGN_ENTITLEMENTS = 2d_game_engine/2d_game_engine.entitlements;
				CODE_SIGN_IDENTITY = "-";
				CODE_SIGN_STYLE = Automatic;
				DEVELOPMENT_TEAM = AD9PJXAR26;
				ENABLE_HARDENED_RUNTIME = YES;
				FRAMEWORK_SEARCH_PATHS = (
					"$(inherited)",
					"$(LOCAL_LIBRARY_DIR)/Frameworks",
					"$(PROJECT_DIR)",
				);
				HEADER_SEARCH_PATHS = /usr/local/include/SDL2;
				LIBRARY_SEARCH_PATHS = /usr/local/lib;
				OTHER_LDFLAGS = (
					"-lSDL2_image",
					"-lSDL2",
				);
				PRODUCT_BUNDLE_IDENTIFIER = cool.mccordinator;
				PRODUCT_NAME = "$(TARGET_NAME)";
				PROVISIONING_PROFILE_SPECIFIER = "";
			};
			name = Release;
		};
/* End XCBuildConfiguration section */

/* Begin XCConfigurationList section */
		96A735D224C804C600F0E181 /* Build configuration list for PBXProject "2d_game_engine" */ = {
			isa = XCConfigurationList;
			buildConfigurations = (
				96A735DC24C804C600F0E181 /* Debug */,
				96A735DD24C804C600F0E181 /* Release */,
			);
			defaultConfigurationIsVisible = 0;
			defaultConfigurationName = Release;
		};
		96A735DE24C804C600F0E181 /* Build configuration list for PBXNativeTarget "2d_game_engine" */ = {
			isa = XCConfigurationList;
			buildConfigurations = (
				96A735DF24C804C600F0E181 /* Debug */,
				96A735E024C804C600F0E181 /* Release */,
			);
			defaultConfigurationIsVisible = 0;
			defaultConfigurationName = Release;
		};
/* End XCConfigurationList section */
	};
	rootObject = 96A735CF24C804C600F0E181 /* Project object */;
}
